
Microsoft Visual Studio Solution File, Format Version 12.00
# Visual Studio Version 16
VisualStudioVersion = 16.0.29102.190
MinimumVisualStudioVersion = 10.0.40219.1
Project("{8BC9CEB8-8B4A-11D0-8D11-00A0C91BC942}") = "Client App", "AH_Computing_Science_Project\AH_Computing_Science_Project.vcxproj", "{963953C5-25B6-4B98-AC0D-BD85F39873F6}"
EndProject
Project("{8BC9CEB8-8B4A-11D0-8D11-00A0C91BC942}") = "Game Coordinator", "Game Coordinator\Game Coordinator.vcxproj", "{94B8DBA3-D58A-4ABC-A559-A6FD0A8ED57C}"
EndProject
Project("{8BC9CEB8-8B4A-11D0-8D11-00A0C91BC942}") = "Game Server", "Game Server\Game Server.vcxproj", "{DC1CFF62-621C-453C-BFF1-C7C3A92A2827}"
EndProject
Project("{8BC9CEB8-8B4A-11D0-8D11-00A0C91BC942}") = "AH_Tests", "AH_Tests\AH_Tests.vcxproj", "{AB37B990-2189-4B31-B732-ACDB4064E696}"
EndProject
Project("{2150E333-8FDC-42A3-9474-1A3956D46DE8}") = "Shared", "Shared", "{B6A194AA-0BF4-47CD-B47E-B3F49FF47FA9}"
	ProjectSection(SolutionItems) = preProject
		AH_Tests\Batch files\RUN_GCx1andGSx1.bat = AH_Tests\Batch files\RUN_GCx1andGSx1.bat
		AH_Tests\Batch files\RUN_GCx1andGSx3.bat = AH_Tests\Batch files\RUN_GCx1andGSx3.bat
		AH_Tests\Batch files\RUN_GSx1.bat = AH_Tests\Batch files\RUN_GSx1.bat
		AH_Tests\Batch files\RUN_GSx3.bat = AH_Tests\Batch files\RUN_GSx3.bat
	EndProjectSection
EndProject
Global
	GlobalSection(SolutionConfigurationPlatforms) = preSolution
		Debug|x64 = Debug|x64
		Debug|x86 = Debug|x86
		Release|x64 = Release|x64
		Release|x86 = Release|x86
	EndGlobalSection
	GlobalSection(ProjectConfigurationPlatforms) = postSolution
		{963953C5-25B6-4B98-AC0D-BD85F39873F6}.Debug|x64.ActiveCfg = Debug|x64
		{963953C5-25B6-4B98-AC0D-BD85F39873F6}.Debug|x64.Build.0 = Debug|x64
		{963953C5-25B6-4B98-AC0D-BD85F39873F6}.Debug|x86.ActiveCfg = Debug|Win32
		{963953C5-25B6-4B98-AC0D-BD85F39873F6}.Debug|x86.Build.0 = Debug|Win32
		{963953C5-25B6-4B98-AC0D-BD85F39873F6}.Release|x64.ActiveCfg = Release|x64
		{963953C5-25B6-4B98-AC0D-BD85F39873F6}.Release|x64.Build.0 = Release|x64
		{963953C5-25B6-4B98-AC0D-BD85F39873F6}.Release|x86.ActiveCfg = Release|Win32
		{963953C5-25B6-4B98-AC0D-BD85F39873F6}.Release|x86.Build.0 = Release|Win32
		{94B8DBA3-D58A-4ABC-A559-A6FD0A8ED57C}.Debug|x64.ActiveCfg = Debug|x64
		{94B8DBA3-D58A-4ABC-A559-A6FD0A8ED57C}.Debug|x64.Build.0 = Debug|x64
		{94B8DBA3-D58A-4ABC-A559-A6FD0A8ED57C}.Debug|x86.ActiveCfg = Debug|Win32
		{94B8DBA3-D58A-4ABC-A559-A6FD0A8ED57C}.Debug|x86.Build.0 = Debug|Win32
		{94B8DBA3-D58A-4ABC-A559-A6FD0A8ED57C}.Release|x64.ActiveCfg = Release|x64
		{94B8DBA3-D58A-4ABC-A559-A6FD0A8ED57C}.Release|x64.Build.0 = Release|x64
		{94B8DBA3-D58A-4ABC-A559-A6FD0A8ED57C}.Release|x86.ActiveCfg = Release|Win32
		{94B8DBA3-D58A-4ABC-A559-A6FD0A8ED57C}.Release|x86.Build.0 = Release|Win32
		{DC1CFF62-621C-453C-BFF1-C7C3A92A2827}.Debug|x64.ActiveCfg = Debug|x64
		{DC1CFF62-621C-453C-BFF1-C7C3A92A2827}.Debug|x64.Build.0 = Debug|x64
		{DC1CFF62-621C-453C-BFF1-C7C3A92A2827}.Debug|x86.ActiveCfg = Debug|Win32
		{DC1CFF62-621C-453C-BFF1-C7C3A92A2827}.Debug|x86.Build.0 = Debug|Win32
		{DC1CFF62-621C-453C-BFF1-C7C3A92A2827}.Release|x64.ActiveCfg = Release|x64
		{DC1CFF62-621C-453C-BFF1-C7C3A92A2827}.Release|x64.Build.0 = Release|x64
		{DC1CFF62-621C-453C-BFF1-C7C3A92A2827}.Release|x86.ActiveCfg = Release|Win32
		{DC1CFF62-621C-453C-BFF1-C7C3A92A2827}.Release|x86.Build.0 = Release|Win32
		{AB37B990-2189-4B31-B732-ACDB4064E696}.Debug|x64.ActiveCfg = Debug|x64
		{AB37B990-2189-4B31-B732-ACDB4064E696}.Debug|x64.Build.0 = Debug|x64
		{AB37B990-2189-4B31-B732-ACDB4064E696}.Debug|x86.ActiveCfg = Debug|Win32
		{AB37B990-2189-4B31-B732-ACDB4064E696}.Debug|x86.Build.0 = Debug|Win32
		{AB37B990-2189-4B31-B732-ACDB4064E696}.Release|x64.ActiveCfg = Release|x64
		{AB37B990-2189-4B31-B732-ACDB4064E696}.Release|x64.Build.0 = Release|x64
		{AB37B990-2189-4B31-B732-ACDB4064E696}.Release|x86.ActiveCfg = Release|Win32
		{AB37B990-2189-4B31-B732-ACDB4064E696}.Release|x86.Build.0 = Release|Win32
	EndGlobalSection
	GlobalSection(SolutionProperties) = preSolution
		HideSolutionNode = FALSE
	EndGlobalSection
	GlobalSection(ExtensibilityGlobals) = postSolution
		SolutionGuid = {B6E1E025-06B0-4E34-AC59-256B6A7EBD74}
	EndGlobalSection
EndGlobal
